
Microsoft Visual Studio Solution File, Format Version 12.00
# Visual Studio Version 17
VisualStudioVersion = 17.0.32112.339
MinimumVisualStudioVersion = 10.0.40219.1
Project("{FAE04EC0-301F-11D3-BF4B-00C04F79EFBC}") = "CGColorModels", "CGColorModels\CGColorModels.csproj", "{948E8EE4-9ED8-42E5-80AB-4024B94753D4}"
EndProject
Project("{FAE04EC0-301F-11D3-BF4B-00C04F79EFBC}") = "CGFilters", "CGFilters\CGFilters.csproj", "{600582BC-9ED9-4CF3-80DB-CB9AC8671A84}"
EndProject
Global
	GlobalSection(SolutionConfigurationPlatforms) = preSolution
		Debug|Any CPU = Debug|Any CPU
		Release|Any CPU = Release|Any CPU
	EndGlobalSection
	GlobalSection(ProjectConfigurationPlatforms) = postSolution
		{948E8EE4-9ED8-42E5-80AB-4024B94753D4}.Debug|Any CPU.ActiveCfg = Debug|Any CPU
		{948E8EE4-9ED8-42E5-80AB-4024B94753D4}.Debug|Any CPU.Build.0 = Debug|Any CPU
		{948E8EE4-9ED8-42E5-80AB-4024B94753D4}.Release|Any CPU.ActiveCfg = Release|Any CPU
		{948E8EE4-9ED8-42E5-80AB-4024B94753D4}.Release|Any CPU.Build.0 = Release|Any CPU
		{600582BC-9ED9-4CF3-80DB-CB9AC8671A84}.Debug|Any CPU.ActiveCfg = Debug|Any CPU
		{600582BC-9ED9-4CF3-80DB-CB9AC8671A84}.Debug|Any CPU.Build.0 = Debug|Any CPU
		{600582BC-9ED9-4CF3-80DB-CB9AC8671A84}.Release|Any CPU.ActiveCfg = Release|Any CPU
		{600582BC-9ED9-4CF3-80DB-CB9AC8671A84}.Release|Any CPU.Build.0 = Release|Any CPU
	EndGlobalSection
	GlobalSection(SolutionProperties) = preSolution
		HideSolutionNode = FALSE
	EndGlobalSection
	GlobalSection(ExtensibilityGlobals) = postSolution
		SolutionGuid = {8CDE4C00-0BAE-444E-9CC0-0BD4D347921B}
	EndGlobalSection
EndGlobal
